{
  "name": "routing-api-chat-example",
  "version": "0.1.0",
  "lockfileVersion": 3,
  "requires": true,
  "packages": {
    "": {
      "name": "routing-api-chat-example",
      "version": "0.1.0",
      "bin": {
        "routing-api-chat": "src/cli.js"
      },
      "engines": {
        "node": ">=22.12.0"
      }
    }
  }
}
